// !$*UTF8*$!
{
	archiveVersion = 1;
	classes = {
	};
	objectVersion = 50;
	objects = {

/* Begin PBXBuildFile section */
		E283E5BB264C026C00616F8F /* AppDelegate.swift in Sources */ = {isa = PBXBuildFile; fileRef = E283E5BA264C026C00616F8F /* AppDelegate.swift */; };
		E283E5BD264C026C00616F8F /* SceneDelegate.swift in Sources */ = {isa = PBXBuildFile; fileRef = E283E5BC264C026C00616F8F /* SceneDelegate.swift */; };
		E283E5BF264C026C00616F8F /* ViewController.swift in Sources */ = {isa = PBXBuildFile; fileRef = E283E5BE264C026C00616F8F /* ViewController.swift */; };
		E283E5C2264C026C00616F8F /* Main.storyboard in Resources */ = {isa = PBXBuildFile; fileRef = E283E5C0264C026C00616F8F /* Main.storyboard */; };
		E283E5C4264C026D00616F8F /* Assets.xcassets in Resources */ = {isa = PBXBuildFile; fileRef = E283E5C3264C026D00616F8F /* Assets.xcassets */; };
		E283E5C7264C026D00616F8F /* LaunchScreen.storyboard in Resources */ = {isa = PBXBuildFile; fileRef = E283E5C5264C026D00616F8F /* LaunchScreen.storyboard */; };
		E283E5CF264C03B900616F8F /* gameScreenViewModel.swift in Sources */ = {isa = PBXBuildFile; fileRef = E283E5CE264C03B900616F8F /* gameScreenViewModel.swift */; };
/* End PBXBuildFile section */

/* Begin PBXFileReference section */
		E283E5B7264C026C00616F8F /* AGameOfBoxes.app */ = {isa = PBXFileReference; explicitFileType = wrapper.application; includeInIndex = 0; path = AGameOfBoxes.app; sourceTree = BUILT_PRODUCTS_DIR; };
		E283E5BA264C026C00616F8F /* AppDelegate.swift */ = {isa = PBXFileReference; lastKnownFileType = sourcecode.swift; path = AppDelegate.swift; sourceTree = "<group>"; };
		E283E5BC264C026C00616F8F /* SceneDelegate.swift */ = {isa = PBXFileReference; lastKnownFileType = sourcecode.swift; path = SceneDelegate.swift; sourceTree = "<group>"; };
		E283E5BE264C026C00616F8F /* ViewController.swift */ = {isa = PBXFileReference; lastKnownFileType = sourcecode.swift; path = ViewController.swift; sourceTree = "<group>"; };
		E283E5C1264C026C00616F8F /* Base */ = {isa = PBXFileReference; lastKnownFileType = file.storyboard; name = Base; path = Base.lproj/Main.storyboard; sourceTree = "<group>"; };
		E283E5C3264C026D00616F8F /* Assets.xcassets */ = {isa = PBXFileReference; lastKnownFileType = folder.assetcatalog; path = Assets.xcassets; sourceTree = "<group>"; };
		E283E5C6264C026D00616F8F /* Base */ = {isa = PBXFileReference; lastKnownFileType = file.storyboard; name = Base; path = Base.lproj/LaunchScreen.storyboard; sourceTree = "<group>"; };
		E283E5C8264C026D00616F8F /* Info.plist */ = {isa = PBXFileReference; lastKnownFileType = text.plist.xml; path = Info.plist; sourceTree = "<group>"; };
		E283E5CE264C03B900616F8F /* gameScreenViewModel.swift */ = {isa = PBXFileReference; lastKnownFileType = sourcecode.swift; path = gameScreenViewModel.swift; sourceTree = "<group>"; };
/* End PBXFileReference section */

/* Begin PBXFrameworksBuildPhase section */
		E283E5B4264C026C00616F8F /* Frameworks */ = {
			isa = PBXFrameworksBuildPhase;
			buildActionMask = 2147483647;
			files = (
			);
			runOnlyForDeploymentPostprocessing = 0;
		};
/* End PBXFrameworksBuildPhase section */

/* Begin PBXGroup section */
		E283E5AE264C026C00616F8F = {
			isa = PBXGroup;
			children = (
				E283E5B9264C026C00616F8F /* AGameOfBoxes */,
				E283E5B8264C026C00616F8F /* Products */,
			);
			sourceTree = "<group>";
		};
		E283E5B8264C026C00616F8F /* Products */ = {
			isa = PBXGroup;
			children = (
				E283E5B7264C026C00616F8F /* AGameOfBoxes.app */,
			);
			name = Products;
			sourceTree = "<group>";
		};
		E283E5B9264C026C00616F8F /* AGameOfBoxes */ = {
			isa = PBXGroup;
			children = (
				E283E5BA264C026C00616F8F /* AppDelegate.swift */,
				E283E5BC264C026C00616F8F /* SceneDelegate.swift */,
				E283E5BE264C026C00616F8F /* ViewController.swift */,
				E283E5CE264C03B900616F8F /* gameScreenViewModel.swift */,
				E283E5C0264C026C00616F8F /* Main.storyboard */,
				E283E5C3264C026D00616F8F /* Assets.xcassets */,
				E283E5C5264C026D00616F8F /* LaunchScreen.storyboard */,
				E283E5C8264C026D00616F8F /* Info.plist */,
			);
			path = AGameOfBoxes;
			sourceTree = "<group>";
		};
/* End PBXGroup section */

/* Begin PBXNativeTarget section */
		E283E5B6264C026C00616F8F /* AGameOfBoxes */ = {
			isa = PBXNativeTarget;
			buildConfigurationList = E283E5CB264C026D00616F8F /* Build configuration list for PBXNativeTarget "AGameOfBoxes" */;
			buildPhases = (
				E283E5B3264C026C00616F8F /* Sources */,
				E283E5B4264C026C00616F8F /* Frameworks */,
				E283E5B5264C026C00616F8F /* Resources */,
			);
			buildRules = (
			);
			dependencies = (
			);
			name = AGameOfBoxes;
			productName = AGameOfBoxes;
			productReference = E283E5B7264C026C00616F8F /* AGameOfBoxes.app */;
			productType = "com.apple.product-type.application";
		};
/* End PBXNativeTarget section */

/* Begin PBXProject section */
		E283E5AF264C026C00616F8F /* Project object */ = {
			isa = PBXProject;
			attributes = {
				LastSwiftUpdateCheck = 1250;
				LastUpgradeCheck = 1250;
				TargetAttributes = {
					E283E5B6264C026C00616F8F = {
						CreatedOnToolsVersion = 12.5;
					};
				};
			};
			buildConfigurationList = E283E5B2264C026C00616F8F /* Build configuration list for PBXProject "AGameOfBoxes" */;
			compatibilityVersion = "Xcode 9.3";
			developmentRegion = en;
			hasScannedForEncodings = 0;
			knownRegions = (
				en,
				Base,
			);
			mainGroup = E283E5AE264C026C00616F8F;
			productRefGroup = E283E5B8264C026C00616F8F /* Products */;
			projectDirPath = "";
			projectRoot = "";
			targets = (
				E283E5B6264C026C00616F8F /* AGameOfBoxes */,
			);
		};
/* End PBXProject section */

/* Begin PBXResourcesBuildPhase section */
		E283E5B5264C026C00616F8F /* Resources */ = {
			isa = PBXResourcesBuildPhase;
			buildActionMask = 2147483647;
			files = (
				E283E5C7264C026D00616F8F /* LaunchScreen.storyboard in Resources */,
				E283E5C4264C026D00616F8F /* Assets.xcassets in Resources */,
				E283E5C2264C026C00616F8F /* Main.storyboard in Resources */,
			);
			runOnlyForDeploymentPostprocessing = 0;
		};
/* End PBXResourcesBuildPhase section */

/* Begin PBXSourcesBuildPhase section */
		E283E5B3264C026C00616F8F /* Sources */ = {
			isa = PBXSourcesBuildPhase;
			buildActionMask = 2147483647;
			files = (
				E283E5BF264C026C00616F8F /* ViewController.swift in Sources */,
				E283E5BB264C026C00616F8F /* AppDelegate.swift in Sources */,
				E283E5CF264C03B900616F8F /* gameScreenViewModel.swift in Sources */,
				E283E5BD264C026C00616F8F /* SceneDelegate.swift in Sources */,
			);
			runOnlyForDeploymentPostprocessing = 0;
		};
/* End PBXSourcesBuildPhase section */

/* Begin PBXVariantGroup section */
		E283E5C0264C026C00616F8F /* Main.storyboard */ = {
			isa = PBXVariantGroup;
			children = (
				E283E5C1264C026C00616F8F /* Base */,
			);
			name = Main.storyboard;
			sourceTree = "<group>";
		};
		E283E5C5264C026D00616F8F /* LaunchScreen.storyboard */ = {
			isa = PBXVariantGroup;
			children = (
				E283E5C6264C026D00616F8F /* Base */,
			);
			name = LaunchScreen.storyboard;
			sourceTree = "<group>";
		};
/* End PBXVariantGroup section */

/* Begin XCBuildConfiguration section */
		E283E5C9264C026D00616F8F /* Debug */ = {
			isa = XCBuildConfiguration;
			buildSettings = {
				ALWAYS_SEARCH_USER_PATHS = NO;
				CLANG_ANALYZER_NONNULL = YES;
				CLANG_ANALYZER_NUMBER_OBJECT_CONVERSION = YES_AGGRESSIVE;
				CLANG_CXX_LANGUAGE_STANDARD = "gnu++14";
				CLANG_CXX_LIBRARY = "libc++";
				CLANG_ENABLE_MODULES = YES;
				CLANG_ENABLE_OBJC_ARC = YES;
				CLANG_ENABLE_OBJC_WEAK = YES;
				CLANG_WARN_BLOCK_CAPTURE_AUTORELEASING = YES;
				CLANG_WARN_BOOL_CONVERSION = YES;
				CLANG_WARN_COMMA = YES;
				CLANG_WARN_CONSTANT_CONVERSION = YES;
				CLANG_WARN_DEPRECATED_OBJC_IMPLEMENTATIONS = YES;
				CLANG_WARN_DIRECT_OBJC_ISA_USAGE = YES_ERROR;
				CLANG_WARN_DOCUMENTATION_COMMENTS = YES;
				CLANG_WARN_EMPTY_BODY = YES;
				CLANG_WARN_ENUM_CONVERSION = YES;
				CLANG_WARN_INFINITE_RECURSION = YES;
				CLANG_WARN_INT_CONVERSION = YES;
				CLANG_WARN_NON_LITERAL_NULL_CONVERSION = YES;
				CLANG_WARN_OBJC_IMPLICIT_RETAIN_SELF = YES;
				CLANG_WARN_OBJC_LITERAL_CONVERSION = YES;
				CLANG_WARN_OBJC_ROOT_CLASS = YES_ERROR;
				CLANG_WARN_QUOTED_INCLUDE_IN_FRAMEWORK_HEADER = YES;
				CLANG_WARN_RANGE_LOOP_ANALYSIS = YES;
				CLANG_WARN_STRICT_PROTOTYPES = YES;
				CLANG_WARN_SUSPICIOUS_MOVE = YES;
				CLANG_WARN_UNGUARDED_AVAILABILITY = YES_AGGRESSIVE;
				CLANG_WARN_UNREACHABLE_CODE = YES;
				CLANG_WARN__DUPLICATE_METHOD_MATCH = YES;
				COPY_PHASE_STRIP = NO;
				DEBUG_INFORMATION_FORMAT = dwarf;
				ENABLE_STRICT_OBJC_MSGSEND = YES;
				ENABLE_TESTABILITY = YES;
				GCC_C_LANGUAGE_STANDARD = gnu11;
				GCC_DYNAMIC_NO_PIC = NO;
				GCC_NO_COMMON_BLOCKS = YES;
				GCC_OPTIMIZATION_LEVEL = 0;
				GCC_PREPROCESSOR_DEFINITIONS = (
					"DEBUG=1",
					"$(inherited)",
				);
				GCC_WARN_64_TO_32_BIT_CONVERSION = YES;
				GCC_WARN_ABOUT_RETURN_TYPE = YES_ERROR;
				GCC_WARN_UNDECLARED_SELECTOR = YES;
				GCC_WARN_UNINITIALIZED_AUTOS = YES_AGGRESSIVE;
				GCC_WARN_UNUSED_FUNCTION = YES;
				GCC_WARN_UNUSED_VARIABLE = YES;
				IPHONEOS_DEPLOYMENT_TARGET = 14.5;
				MTL_ENABLE_DEBUG_INFO = INCLUDE_SOURCE;
				MTL_FAST_MATH = YES;
				ONLY_ACTIVE_ARCH = YES;
				SDKROOT = iphoneos;
				SWIFT_ACTIVE_COMPILATION_CONDITIONS = DEBUG;
				SWIFT_OPTIMIZATION_LEVEL = "-Onone";
			};
			name = Debug;
		};
		E283E5CA264C026D00616F8F /* Release */ = {
			isa = XCBuildConfiguration;
			buildSettings = {
				ALWAYS_SEARCH_USER_PATHS = NO;
				CLANG_ANALYZER_NONNULL = YES;
				CLANG_ANALYZER_NUMBER_OBJECT_CONVERSION = YES_AGGRESSIVE;
				CLANG_CXX_LANGUAGE_STANDARD = "gnu++14";
				CLANG_CXX_LIBRARY = "libc++";
				CLANG_ENABLE_MODULES = YES;
				CLANG_ENABLE_OBJC_ARC = YES;
				CLANG_ENABLE_OBJC_WEAK = YES;
				CLANG_WARN_BLOCK_CAPTURE_AUTORELEASING = YES;
				CLANG_WARN_BOOL_CONVERSION = YES;
				CLANG_WARN_COMMA = YES;
				CLANG_WARN_CONSTANT_CONVERSION = YES;
				CLANG_WARN_DEPRECATED_OBJC_IMPLEMENTATIONS = YES;
				CLANG_WARN_DIRECT_OBJC_ISA_USAGE = YES_ERROR;
				CLANG_WARN_DOCUMENTATION_COMMENTS = YES;
				CLANG_WARN_EMPTY_BODY = YES;
				CLANG_WARN_ENUM_CONVERSION = YES;
				CLANG_WARN_INFINITE_RECURSION = YES;
				CLANG_WARN_INT_CONVERSION = YES;
				CLANG_WARN_NON_LITERAL_NULL_CONVERSION = YES;
				CLANG_WARN_OBJC_IMPLICIT_RETAIN_SELF = YES;
				CLANG_WARN_OBJC_LITERAL_CONVERSION = YES;
				CLANG_WARN_OBJC_ROOT_CLASS = YES_ERROR;
				CLANG_WARN_QUOTED_INCLUDE_IN_FRAMEWORK_HEADER = YES;
				CLANG_WARN_RANGE_LOOP_ANALYSIS = YES;
				CLANG_WARN_STRICT_PROTOTYPES = YES;
				CLANG_WARN_SUSPICIOUS_MOVE = YES;
				CLANG_WARN_UNGUARDED_AVAILABILITY = YES_AGGRESSIVE;
				CLANG_WARN_UNREACHABLE_CODE = YES;
				CLANG_WARN__DUPLICATE_METHOD_MATCH = YES;
				COPY_PHASE_STRIP = NO;
				DEBUG_INFORMATION_FORMAT = "dwarf-with-dsym";
				ENABLE_NS_ASSERTIONS = NO;
				ENABLE_STRICT_OBJC_MSGSEND = YES;
				GCC_C_LANGUAGE_STANDARD = gnu11;
				GCC_NO_COMMON_BLOCKS = YES;
				GCC_WARN_64_TO_32_BIT_CONVERSION = YES;
				GCC_WARN_ABOUT_RETURN_TYPE = YES_ERROR;
				GCC_WARN_UNDECLARED_SELECTOR = YES;
				GCC_WARN_UNINITIALIZED_AUTOS = YES_AGGRESSIVE;
				GCC_WARN_UNUSED_FUNCTION = YES;
				GCC_WARN_UNUSED_VARIABLE = YES;
				IPHONEOS_DEPLOYMENT_TARGET = 14.5;
				MTL_ENABLE_DEBUG_INFO = NO;
				MTL_FAST_MATH = YES;
				SDKROOT = iphoneos;
				SWIFT_COMPILATION_MODE = wholemodule;
				SWIFT_OPTIMIZATION_LEVEL = "-O";
				VALIDATE_PRODUCT = YES;
			};
			name = Release;
		};
		E283E5CC264C026D00616F8F /* Debug */ = {
			isa = XCBuildConfiguration;
			buildSettings = {
				ASSETCATALOG_COMPILER_APPICON_NAME = AppIcon;
				ASSETCATALOG_COMPILER_GLOBAL_ACCENT_COLOR_NAME = AccentColor;
				CODE_SIGN_STYLE = Automatic;
				DEVELOPMENT_TEAM = Q5U9LJV46H;
				INFOPLIST_FILE = AGameOfBoxes/Info.plist;
				IPHONEOS_DEPLOYMENT_TARGET = 13.0;
				LD_RUNPATH_SEARCH_PATHS = (
					"$(inherited)",
					"@executable_path/Frameworks",
				);
				PRODUCT_BUNDLE_IDENTIFIER = com.mertejder.AGameOfBoxes;
				PRODUCT_NAME = "$(TARGET_NAME)";
				SWIFT_VERSION = 5.0;
				TARGETED_DEVICE_FAMILY = "1,2";
			};
			name = Debug;
		};
		E283E5CD264C026D00616F8F /* Release */ = {
			isa = XCBuildConfiguration;
			buildSettings = {
				ASSETCATALOG_COMPILER_APPICON_NAME = AppIcon;
				ASSETCATALOG_COMPILER_GLOBAL_ACCENT_COLOR_NAME = AccentColor;
				CODE_SIGN_STYLE = Automatic;
				DEVELOPMENT_TEAM = Q5U9LJV46H;
				INFOPLIST_FILE = AGameOfBoxes/Info.plist;
				IPHONEOS_DEPLOYMENT_TARGET = 13.0;
				LD_RUNPATH_SEARCH_PATHS = (
					"$(inherited)",
					"@executable_path/Frameworks",
				);
				PRODUCT_BUNDLE_IDENTIFIER = com.mertejder.AGameOfBoxes;
				PRODUCT_NAME = "$(TARGET_NAME)";
				SWIFT_VERSION = 5.0;
				TARGETED_DEVICE_FAMILY = "1,2";
			};
			name = Release;
		};
/* End XCBuildConfiguration section */

/* Begin XCConfigurationList section */
		E283E5B2264C026C00616F8F /* Build configuration list for PBXProject "AGameOfBoxes" */ = {
			isa = XCConfigurationList;
			buildConfigurations = (
				E283E5C9264C026D00616F8F /* Debug */,
				E283E5CA264C026D00616F8F /* Release */,
			);
			defaultConfigurationIsVisible = 0;
			defaultConfigurationName = Release;
		};
		E283E5CB264C026D00616F8F /* Build configuration list for PBXNativeTarget "AGameOfBoxes" */ = {
			isa = XCConfigurationList;
			buildConfigurations = (
				E283E5CC264C026D00616F8F /* Debug */,
				E283E5CD264C026D00616F8F /* Release */,
			);
			defaultConfigurationIsVisible = 0;
			defaultConfigurationName = Release;
		};
/* End XCConfigurationList section */
	};
	rootObject = E283E5AF264C026C00616F8F /* Project object */;
}
